// !$*UTF8*$!
{
	archiveVersion = 1;
	classes = {
	};
	objectVersion = 46;
	objects = {

/* Begin PBXBuildFile section */
		BEB2CF841AF5021600900545 /* main.m in Sources */ = {isa = PBXBuildFile; fileRef = BEB2CF831AF5021600900545 /* main.m */; };
		BEB2CF871AF5021600900545 /* AppDelegate.m in Sources */ = {isa = PBXBuildFile; fileRef = BEB2CF861AF5021600900545 /* AppDelegate.m */; };
		BEB2CF8A1AF5021600900545 /* ViewController.m in Sources */ = {isa = PBXBuildFile; fileRef = BEB2CF891AF5021600900545 /* ViewController.m */; };
		BEB2CF8D1AF5021600900545 /* Main.storyboard in Resources */ = {isa = PBXBuildFile; fileRef = BEB2CF8B1AF5021600900545 /* Main.storyboard */; };
		BEB2CF8F1AF5021600900545 /* Images.xcassets in Resources */ = {isa = PBXBuildFile; fileRef = BEB2CF8E1AF5021600900545 /* Images.xcassets */; };
		BEB2CF921AF5021600900545 /* LaunchScreen.xib in Resources */ = {isa = PBXBuildFile; fileRef = BEB2CF901AF5021600900545 /* LaunchScreen.xib */; };
		BEB2CF9E1AF5021600900545 /* Health_NumbersTests.m in Sources */ = {isa = PBXBuildFile; fileRef = BEB2CF9D1AF5021600900545 /* Health_NumbersTests.m */; };
		BEB2CFA81AF5048800900545 /* FBSDKCoreKit.framework in Frameworks */ = {isa = PBXBuildFile; fileRef = BEB2CFA71AF5048800900545 /* FBSDKCoreKit.framework */; };
		BEB2CFAA1AF50A5F00900545 /* FBSDKLoginKit.framework in Frameworks */ = {isa = PBXBuildFile; fileRef = BEB2CFA91AF50A5F00900545 /* FBSDKLoginKit.framework */; };
		BEB2CFAF1AF50B2B00900545 /* FacebookSDK.framework in Frameworks */ = {isa = PBXBuildFile; fileRef = BEB2CFAD1AF50B2B00900545 /* FacebookSDK.framework */; };
		BEB2CFB21AF50CC800900545 /* ProfileViewController.m in Sources */ = {isa = PBXBuildFile; fileRef = BEB2CFB11AF50CC800900545 /* ProfileViewController.m */; };
		BEFD3BE91AF52F6E00167882 /* Bolts.framework in Frameworks */ = {isa = PBXBuildFile; fileRef = BEFD3BE71AF52F6E00167882 /* Bolts.framework */; };
		BEFD3BEA1AF52F6E00167882 /* Parse.framework in Frameworks */ = {isa = PBXBuildFile; fileRef = BEFD3BE81AF52F6E00167882 /* Parse.framework */; };
		BEFD3BEC1AF5305000167882 /* AudioToolbox.framework in Frameworks */ = {isa = PBXBuildFile; fileRef = BEFD3BEB1AF5305000167882 /* AudioToolbox.framework */; };
		BEFD3BEE1AF5305500167882 /* CFNetwork.framework in Frameworks */ = {isa = PBXBuildFile; fileRef = BEFD3BED1AF5305500167882 /* CFNetwork.framework */; };
		BEFD3BF01AF5305B00167882 /* CoreGraphics.framework in Frameworks */ = {isa = PBXBuildFile; fileRef = BEFD3BEF1AF5305B00167882 /* CoreGraphics.framework */; };
		BEFD3BF21AF5306100167882 /* CoreLocation.framework in Frameworks */ = {isa = PBXBuildFile; fileRef = BEFD3BF11AF5306100167882 /* CoreLocation.framework */; };
		BEFD3BF41AF5306800167882 /* MobileCoreServices.framework in Frameworks */ = {isa = PBXBuildFile; fileRef = BEFD3BF31AF5306800167882 /* MobileCoreServices.framework */; };
		BEFD3BF61AF5306E00167882 /* QuartzCore.framework in Frameworks */ = {isa = PBXBuildFile; fileRef = BEFD3BF51AF5306E00167882 /* QuartzCore.framework */; };
		BEFD3BF81AF5307300167882 /* Security.framework in Frameworks */ = {isa = PBXBuildFile; fileRef = BEFD3BF71AF5307300167882 /* Security.framework */; };
		BEFD3BFA1AF5307800167882 /* StoreKit.framework in Frameworks */ = {isa = PBXBuildFile; fileRef = BEFD3BF91AF5307800167882 /* StoreKit.framework */; };
		BEFD3BFC1AF5308000167882 /* SystemConfiguration.framework in Frameworks */ = {isa = PBXBuildFile; fileRef = BEFD3BFB1AF5308000167882 /* SystemConfiguration.framework */; };
		BEFD3BFE1AF5308A00167882 /* libz.dylib in Frameworks */ = {isa = PBXBuildFile; fileRef = BEFD3BFD1AF5308A00167882 /* libz.dylib */; };
		BEFD3C001AF5309500167882 /* libsqlite3.dylib in Frameworks */ = {isa = PBXBuildFile; fileRef = BEFD3BFF1AF5309500167882 /* libsqlite3.dylib */; };
		BEFD3C031AF54FC400167882 /* DashboardViewController.m in Sources */ = {isa = PBXBuildFile; fileRef = BEFD3C021AF54FC400167882 /* DashboardViewController.m */; };
/* End PBXBuildFile section */

/* Begin PBXContainerItemProxy section */
		BEB2CF981AF5021600900545 /* PBXContainerItemProxy */ = {
			isa = PBXContainerItemProxy;
			containerPortal = BEB2CF761AF5021600900545 /* Project object */;
			proxyType = 1;
			remoteGlobalIDString = BEB2CF7D1AF5021600900545;
			remoteInfo = "Health Numbers";
		};
/* End PBXContainerItemProxy section */

/* Begin PBXFileReference section */
		BEB2CF7E1AF5021600900545 /* Health Numbers.app */ = {isa = PBXFileReference; explicitFileType = wrapper.application; includeInIndex = 0; path = "Health Numbers.app"; sourceTree = BUILT_PRODUCTS_DIR; };
		BEB2CF821AF5021600900545 /* Info.plist */ = {isa = PBXFileReference; lastKnownFileType = text.plist.xml; path = Info.plist; sourceTree = "<group>"; };
		BEB2CF831AF5021600900545 /* main.m */ = {isa = PBXFileReference; lastKnownFileType = sourcecode.c.objc; path = main.m; sourceTree = "<group>"; };
		BEB2CF851AF5021600900545 /* AppDelegate.h */ = {isa = PBXFileReference; lastKnownFileType = sourcecode.c.h; path = AppDelegate.h; sourceTree = "<group>"; };
		BEB2CF861AF5021600900545 /* AppDelegate.m */ = {isa = PBXFileReference; lastKnownFileType = sourcecode.c.objc; path = AppDelegate.m; sourceTree = "<group>"; };
		BEB2CF881AF5021600900545 /* ViewController.h */ = {isa = PBXFileReference; lastKnownFileType = sourcecode.c.h; path = ViewController.h; sourceTree = "<group>"; };
		BEB2CF891AF5021600900545 /* ViewController.m */ = {isa = PBXFileReference; lastKnownFileType = sourcecode.c.objc; path = ViewController.m; sourceTree = "<group>"; };
		BEB2CF8C1AF5021600900545 /* Base */ = {isa = PBXFileReference; lastKnownFileType = file.storyboard; name = Base; path = Base.lproj/Main.storyboard; sourceTree = "<group>"; };
		BEB2CF8E1AF5021600900545 /* Images.xcassets */ = {isa = PBXFileReference; lastKnownFileType = folder.assetcatalog; path = Images.xcassets; sourceTree = "<group>"; };
		BEB2CF911AF5021600900545 /* Base */ = {isa = PBXFileReference; lastKnownFileType = file.xib; name = Base; path = Base.lproj/LaunchScreen.xib; sourceTree = "<group>"; };
		BEB2CF971AF5021600900545 /* Health NumbersTests.xctest */ = {isa = PBXFileReference; explicitFileType = wrapper.cfbundle; includeInIndex = 0; path = "Health NumbersTests.xctest"; sourceTree = BUILT_PRODUCTS_DIR; };
		BEB2CF9C1AF5021600900545 /* Info.plist */ = {isa = PBXFileReference; lastKnownFileType = text.plist.xml; path = Info.plist; sourceTree = "<group>"; };
		BEB2CF9D1AF5021600900545 /* Health_NumbersTests.m */ = {isa = PBXFileReference; lastKnownFileType = sourcecode.c.objc; path = Health_NumbersTests.m; sourceTree = "<group>"; };
		BEB2CFA71AF5048800900545 /* FBSDKCoreKit.framework */ = {isa = PBXFileReference; lastKnownFileType = wrapper.framework; name = FBSDKCoreKit.framework; path = ../../../Documents/FacebookSDK/FBSDKCoreKit.framework; sourceTree = "<group>"; };
		BEB2CFA91AF50A5F00900545 /* FBSDKLoginKit.framework */ = {isa = PBXFileReference; lastKnownFileType = wrapper.framework; name = FBSDKLoginKit.framework; path = ../../../Documents/FacebookSDK/FBSDKLoginKit.framework; sourceTree = "<group>"; };
		BEB2CFAD1AF50B2B00900545 /* FacebookSDK.framework */ = {isa = PBXFileReference; lastKnownFileType = wrapper.framework; name = FacebookSDK.framework; path = ../../../Documents/FacebookSDK/FacebookSDK.framework; sourceTree = "<group>"; };
		BEB2CFB01AF50CC800900545 /* ProfileViewController.h */ = {isa = PBXFileReference; fileEncoding = 4; lastKnownFileType = sourcecode.c.h; path = ProfileViewController.h; sourceTree = "<group>"; };
		BEB2CFB11AF50CC800900545 /* ProfileViewController.m */ = {isa = PBXFileReference; fileEncoding = 4; lastKnownFileType = sourcecode.c.objc; path = ProfileViewController.m; sourceTree = "<group>"; };
		BEFD3BE71AF52F6E00167882 /* Bolts.framework */ = {isa = PBXFileReference; lastKnownFileType = wrapper.framework; name = Bolts.framework; path = "../../../Downloads/parse-library-1.7.2/Bolts.framework"; sourceTree = "<group>"; };
		BEFD3BE81AF52F6E00167882 /* Parse.framework */ = {isa = PBXFileReference; lastKnownFileType = wrapper.framework; name = Parse.framework; path = "../../../Downloads/parse-library-1.7.2/Parse.framework"; sourceTree = "<group>"; };
		BEFD3BEB1AF5305000167882 /* AudioToolbox.framework */ = {isa = PBXFileReference; lastKnownFileType = wrapper.framework; name = AudioToolbox.framework; path = System/Library/Frameworks/AudioToolbox.framework; sourceTree = SDKROOT; };
		BEFD3BED1AF5305500167882 /* CFNetwork.framework */ = {isa = PBXFileReference; lastKnownFileType = wrapper.framework; name = CFNetwork.framework; path = System/Library/Frameworks/CFNetwork.framework; sourceTree = SDKROOT; };
		BEFD3BEF1AF5305B00167882 /* CoreGraphics.framework */ = {isa = PBXFileReference; lastKnownFileType = wrapper.framework; name = CoreGraphics.framework; path = System/Library/Frameworks/CoreGraphics.framework; sourceTree = SDKROOT; };
		BEFD3BF11AF5306100167882 /* CoreLocation.framework */ = {isa = PBXFileReference; lastKnownFileType = wrapper.framework; name = CoreLocation.framework; path = System/Library/Frameworks/CoreLocation.framework; sourceTree = SDKROOT; };
		BEFD3BF31AF5306800167882 /* MobileCoreServices.framework */ = {isa = PBXFileReference; lastKnownFileType = wrapper.framework; name = MobileCoreServices.framework; path = System/Library/Frameworks/MobileCoreServices.framework; sourceTree = SDKROOT; };
		BEFD3BF51AF5306E00167882 /* QuartzCore.framework */ = {isa = PBXFileReference; lastKnownFileType = wrapper.framework; name = QuartzCore.framework; path = System/Library/Frameworks/QuartzCore.framework; sourceTree = SDKROOT; };
		BEFD3BF71AF5307300167882 /* Security.framework */ = {isa = PBXFileReference; lastKnownFileType = wrapper.framework; name = Security.framework; path = System/Library/Frameworks/Security.framework; sourceTree = SDKROOT; };
		BEFD3BF91AF5307800167882 /* StoreKit.framework */ = {isa = PBXFileReference; lastKnownFileType = wrapper.framework; name = StoreKit.framework; path = System/Library/Frameworks/StoreKit.framework; sourceTree = SDKROOT; };
		BEFD3BFB1AF5308000167882 /* SystemConfiguration.framework */ = {isa = PBXFileReference; lastKnownFileType = wrapper.framework; name = SystemConfiguration.framework; path = System/Library/Frameworks/SystemConfiguration.framework; sourceTree = SDKROOT; };
		BEFD3BFD1AF5308A00167882 /* libz.dylib */ = {isa = PBXFileReference; lastKnownFileType = "compiled.mach-o.dylib"; name = libz.dylib; path = usr/lib/libz.dylib; sourceTree = SDKROOT; };
		BEFD3BFF1AF5309500167882 /* libsqlite3.dylib */ = {isa = PBXFileReference; lastKnownFileType = "compiled.mach-o.dylib"; name = libsqlite3.dylib; path = usr/lib/libsqlite3.dylib; sourceTree = SDKROOT; };
		BEFD3C011AF54FC400167882 /* DashboardViewController.h */ = {isa = PBXFileReference; fileEncoding = 4; lastKnownFileType = sourcecode.c.h; path = DashboardViewController.h; sourceTree = "<group>"; };
		BEFD3C021AF54FC400167882 /* DashboardViewController.m */ = {isa = PBXFileReference; fileEncoding = 4; lastKnownFileType = sourcecode.c.objc; path = DashboardViewController.m; sourceTree = "<group>"; };
/* End PBXFileReference section */

/* Begin PBXFrameworksBuildPhase section */
		BEB2CF7B1AF5021600900545 /* Frameworks */ = {
			isa = PBXFrameworksBuildPhase;
			buildActionMask = 2147483647;
			files = (
				BEFD3C001AF5309500167882 /* libsqlite3.dylib in Frameworks */,
				BEFD3BFE1AF5308A00167882 /* libz.dylib in Frameworks */,
				BEFD3BFC1AF5308000167882 /* SystemConfiguration.framework in Frameworks */,
				BEFD3BFA1AF5307800167882 /* StoreKit.framework in Frameworks */,
				BEFD3BF81AF5307300167882 /* Security.framework in Frameworks */,
				BEFD3BF61AF5306E00167882 /* QuartzCore.framework in Frameworks */,
				BEFD3BF41AF5306800167882 /* MobileCoreServices.framework in Frameworks */,
				BEFD3BF21AF5306100167882 /* CoreLocation.framework in Frameworks */,
				BEFD3BF01AF5305B00167882 /* CoreGraphics.framework in Frameworks */,
				BEFD3BEE1AF5305500167882 /* CFNetwork.framework in Frameworks */,
				BEFD3BEC1AF5305000167882 /* AudioToolbox.framework in Frameworks */,
				BEFD3BE91AF52F6E00167882 /* Bolts.framework in Frameworks */,
				BEB2CFAF1AF50B2B00900545 /* FacebookSDK.framework in Frameworks */,
				BEB2CFAA1AF50A5F00900545 /* FBSDKLoginKit.framework in Frameworks */,
				BEFD3BEA1AF52F6E00167882 /* Parse.framework in Frameworks */,
				BEB2CFA81AF5048800900545 /* FBSDKCoreKit.framework in Frameworks */,
			);
			runOnlyForDeploymentPostprocessing = 0;
		};
		BEB2CF941AF5021600900545 /* Frameworks */ = {
			isa = PBXFrameworksBuildPhase;
			buildActionMask = 2147483647;
			files = (
			);
			runOnlyForDeploymentPostprocessing = 0;
		};
/* End PBXFrameworksBuildPhase section */

/* Begin PBXGroup section */
		BEB2CF751AF5021600900545 = {
			isa = PBXGroup;
			children = (
				BEB2CFAB1AF50A6600900545 /* Frameworks */,
				BEB2CF801AF5021600900545 /* Health Numbers */,
				BEB2CF9A1AF5021600900545 /* Health NumbersTests */,
				BEB2CF7F1AF5021600900545 /* Products */,
			);
			sourceTree = "<group>";
		};
		BEB2CF7F1AF5021600900545 /* Products */ = {
			isa = PBXGroup;
			children = (
				BEB2CF7E1AF5021600900545 /* Health Numbers.app */,
				BEB2CF971AF5021600900545 /* Health NumbersTests.xctest */,
			);
			name = Products;
			sourceTree = "<group>";
		};
		BEB2CF801AF5021600900545 /* Health Numbers */ = {
			isa = PBXGroup;
			children = (
				BEB2CF851AF5021600900545 /* AppDelegate.h */,
				BEB2CF861AF5021600900545 /* AppDelegate.m */,
				BEB2CF881AF5021600900545 /* ViewController.h */,
				BEB2CF891AF5021600900545 /* ViewController.m */,
				BEFD3C011AF54FC400167882 /* DashboardViewController.h */,
				BEFD3C021AF54FC400167882 /* DashboardViewController.m */,
				BEB2CF8B1AF5021600900545 /* Main.storyboard */,
				BEB2CFB01AF50CC800900545 /* ProfileViewController.h */,
				BEB2CFB11AF50CC800900545 /* ProfileViewController.m */,
				BEB2CF8E1AF5021600900545 /* Images.xcassets */,
				BEB2CF901AF5021600900545 /* LaunchScreen.xib */,
				BEB2CF811AF5021600900545 /* Supporting Files */,
			);
			path = "Health Numbers";
			sourceTree = "<group>";
		};
		BEB2CF811AF5021600900545 /* Supporting Files */ = {
			isa = PBXGroup;
			children = (
				BEB2CF821AF5021600900545 /* Info.plist */,
				BEB2CF831AF5021600900545 /* main.m */,
			);
			name = "Supporting Files";
			sourceTree = "<group>";
		};
		BEB2CF9A1AF5021600900545 /* Health NumbersTests */ = {
			isa = PBXGroup;
			children = (
				BEB2CF9D1AF5021600900545 /* Health_NumbersTests.m */,
				BEB2CF9B1AF5021600900545 /* Supporting Files */,
			);
			path = "Health NumbersTests";
			sourceTree = "<group>";
		};
		BEB2CF9B1AF5021600900545 /* Supporting Files */ = {
			isa = PBXGroup;
			children = (
				BEB2CF9C1AF5021600900545 /* Info.plist */,
			);
			name = "Supporting Files";
			sourceTree = "<group>";
		};
		BEB2CFAB1AF50A6600900545 /* Frameworks */ = {
			isa = PBXGroup;
			children = (
				BEFD3BFF1AF5309500167882 /* libsqlite3.dylib */,
				BEFD3BFD1AF5308A00167882 /* libz.dylib */,
				BEFD3BFB1AF5308000167882 /* SystemConfiguration.framework */,
				BEFD3BF91AF5307800167882 /* StoreKit.framework */,
				BEFD3BF71AF5307300167882 /* Security.framework */,
				BEFD3BF51AF5306E00167882 /* QuartzCore.framework */,
				BEFD3BF31AF5306800167882 /* MobileCoreServices.framework */,
				BEFD3BF11AF5306100167882 /* CoreLocation.framework */,
				BEFD3BEF1AF5305B00167882 /* CoreGraphics.framework */,
				BEFD3BED1AF5305500167882 /* CFNetwork.framework */,
				BEFD3BEB1AF5305000167882 /* AudioToolbox.framework */,
				BEFD3BE71AF52F6E00167882 /* Bolts.framework */,
				BEFD3BE81AF52F6E00167882 /* Parse.framework */,
				BEB2CFAD1AF50B2B00900545 /* FacebookSDK.framework */,
				BEB2CFA91AF50A5F00900545 /* FBSDKLoginKit.framework */,
				BEB2CFA71AF5048800900545 /* FBSDKCoreKit.framework */,
			);
			name = Frameworks;
			sourceTree = "<group>";
		};
/* End PBXGroup section */

/* Begin PBXNativeTarget section */
		BEB2CF7D1AF5021600900545 /* Health Numbers */ = {
			isa = PBXNativeTarget;
			buildConfigurationList = BEB2CFA11AF5021600900545 /* Build configuration list for PBXNativeTarget "Health Numbers" */;
			buildPhases = (
				BEB2CF7A1AF5021600900545 /* Sources */,
				BEB2CF7B1AF5021600900545 /* Frameworks */,
				BEB2CF7C1AF5021600900545 /* Resources */,
			);
			buildRules = (
			);
			dependencies = (
			);
			name = "Health Numbers";
			productName = "Health Numbers";
			productReference = BEB2CF7E1AF5021600900545 /* Health Numbers.app */;
			productType = "com.apple.product-type.application";
		};
		BEB2CF961AF5021600900545 /* Health NumbersTests */ = {
			isa = PBXNativeTarget;
			buildConfigurationList = BEB2CFA41AF5021600900545 /* Build configuration list for PBXNativeTarget "Health NumbersTests" */;
			buildPhases = (
				BEB2CF931AF5021600900545 /* Sources */,
				BEB2CF941AF5021600900545 /* Frameworks */,
				BEB2CF951AF5021600900545 /* Resources */,
			);
			buildRules = (
			);
			dependencies = (
				BEB2CF991AF5021600900545 /* PBXTargetDependency */,
			);
			name = "Health NumbersTests";
			productName = "Health NumbersTests";
			productReference = BEB2CF971AF5021600900545 /* Health NumbersTests.xctest */;
			productType = "com.apple.product-type.bundle.unit-test";
		};
/* End PBXNativeTarget section */

/* Begin PBXProject section */
		BEB2CF761AF5021600900545 /* Project object */ = {
			isa = PBXProject;
			attributes = {
				LastUpgradeCheck = 0630;
				ORGANIZATIONNAME = "Meme Menu";
				TargetAttributes = {
					BEB2CF7D1AF5021600900545 = {
						CreatedOnToolsVersion = 6.3.1;
					};
					BEB2CF961AF5021600900545 = {
						CreatedOnToolsVersion = 6.3.1;
						TestTargetID = BEB2CF7D1AF5021600900545;
					};
				};
			};
			buildConfigurationList = BEB2CF791AF5021600900545 /* Build configuration list for PBXProject "Health Numbers" */;
			compatibilityVersion = "Xcode 3.2";
			developmentRegion = English;
			hasScannedForEncodings = 0;
			knownRegions = (
				en,
				Base,
			);
			mainGroup = BEB2CF751AF5021600900545;
			productRefGroup = BEB2CF7F1AF5021600900545 /* Products */;
			projectDirPath = "";
			projectRoot = "";
			targets = (
				BEB2CF7D1AF5021600900545 /* Health Numbers */,
				BEB2CF961AF5021600900545 /* Health NumbersTests */,
			);
		};
/* End PBXProject section */

/* Begin PBXResourcesBuildPhase section */
		BEB2CF7C1AF5021600900545 /* Resources */ = {
			isa = PBXResourcesBuildPhase;
			buildActionMask = 2147483647;
			files = (
				BEB2CF8D1AF5021600900545 /* Main.storyboard in Resources */,
				BEB2CF921AF5021600900545 /* LaunchScreen.xib in Resources */,
				BEB2CF8F1AF5021600900545 /* Images.xcassets in Resources */,
			);
			runOnlyForDeploymentPostprocessing = 0;
		};
		BEB2CF951AF5021600900545 /* Resources */ = {
			isa = PBXResourcesBuildPhase;
			buildActionMask = 2147483647;
			files = (
			);
			runOnlyForDeploymentPostprocessing = 0;
		};
/* End PBXResourcesBuildPhase section */

/* Begin PBXSourcesBuildPhase section */
		BEB2CF7A1AF5021600900545 /* Sources */ = {
			isa = PBXSourcesBuildPhase;
			buildActionMask = 2147483647;
			files = (
				BEFD3C031AF54FC400167882 /* DashboardViewController.m in Sources */,
				BEB2CF8A1AF5021600900545 /* ViewController.m in Sources */,
				BEB2CF871AF5021600900545 /* AppDelegate.m in Sources */,
				BEB2CFB21AF50CC800900545 /* ProfileViewController.m in Sources */,
				BEB2CF841AF5021600900545 /* main.m in Sources */,
			);
			runOnlyForDeploymentPostprocessing = 0;
		};
		BEB2CF931AF5021600900545 /* Sources */ = {
			isa = PBXSourcesBuildPhase;
			buildActionMask = 2147483647;
			files = (
				BEB2CF9E1AF5021600900545 /* Health_NumbersTests.m in Sources */,
			);
			runOnlyForDeploymentPostprocessing = 0;
		};
/* End PBXSourcesBuildPhase section */

/* Begin PBXTargetDependency section */
		BEB2CF991AF5021600900545 /* PBXTargetDependency */ = {
			isa = PBXTargetDependency;
			target = BEB2CF7D1AF5021600900545 /* Health Numbers */;
			targetProxy = BEB2CF981AF5021600900545 /* PBXContainerItemProxy */;
		};
/* End PBXTargetDependency section */

/* Begin PBXVariantGroup section */
		BEB2CF8B1AF5021600900545 /* Main.storyboard */ = {
			isa = PBXVariantGroup;
			children = (
				BEB2CF8C1AF5021600900545 /* Base */,
			);
			name = Main.storyboard;
			sourceTree = "<group>";
		};
		BEB2CF901AF5021600900545 /* LaunchScreen.xib */ = {
			isa = PBXVariantGroup;
			children = (
				BEB2CF911AF5021600900545 /* Base */,
			);
			name = LaunchScreen.xib;
			sourceTree = "<group>";
		};
/* End PBXVariantGroup section */

/* Begin XCBuildConfiguration section */
		BEB2CF9F1AF5021600900545 /* Debug */ = {
			isa = XCBuildConfiguration;
			buildSettings = {
				ALWAYS_SEARCH_USER_PATHS = NO;
				CLANG_CXX_LANGUAGE_STANDARD = "gnu++0x";
				CLANG_CXX_LIBRARY = "libc++";
				CLANG_ENABLE_MODULES = YES;
				CLANG_ENABLE_OBJC_ARC = YES;
				CLANG_WARN_BOOL_CONVERSION = YES;
				CLANG_WARN_CONSTANT_CONVERSION = YES;
				CLANG_WARN_DIRECT_OBJC_ISA_USAGE = YES_ERROR;
				CLANG_WARN_EMPTY_BODY = YES;
				CLANG_WARN_ENUM_CONVERSION = YES;
				CLANG_WARN_INT_CONVERSION = YES;
				CLANG_WARN_OBJC_ROOT_CLASS = YES_ERROR;
				CLANG_WARN_UNREACHABLE_CODE = YES;
				CLANG_WARN__DUPLICATE_METHOD_MATCH = YES;
				"CODE_SIGN_IDENTITY[sdk=iphoneos*]" = "iPhone Developer";
				COPY_PHASE_STRIP = NO;
				DEBUG_INFORMATION_FORMAT = "dwarf-with-dsym";
				ENABLE_STRICT_OBJC_MSGSEND = YES;
				GCC_C_LANGUAGE_STANDARD = gnu99;
				GCC_DYNAMIC_NO_PIC = NO;
				GCC_NO_COMMON_BLOCKS = YES;
				GCC_OPTIMIZATION_LEVEL = 0;
				GCC_PREPROCESSOR_DEFINITIONS = (
					"DEBUG=1",
					"$(inherited)",
				);
				GCC_SYMBOLS_PRIVATE_EXTERN = NO;
				GCC_WARN_64_TO_32_BIT_CONVERSION = YES;
				GCC_WARN_ABOUT_RETURN_TYPE = YES_ERROR;
				GCC_WARN_UNDECLARED_SELECTOR = YES;
				GCC_WARN_UNINITIALIZED_AUTOS = YES_AGGRESSIVE;
				GCC_WARN_UNUSED_FUNCTION = YES;
				GCC_WARN_UNUSED_VARIABLE = YES;
				IPHONEOS_DEPLOYMENT_TARGET = 8.3;
				MTL_ENABLE_DEBUG_INFO = YES;
				ONLY_ACTIVE_ARCH = YES;
				SDKROOT = iphoneos;
			};
			name = Debug;
		};
		BEB2CFA01AF5021600900545 /* Release */ = {
			isa = XCBuildConfiguration;
			buildSettings = {
				ALWAYS_SEARCH_USER_PATHS = NO;
				CLANG_CXX_LANGUAGE_STANDARD = "gnu++0x";
				CLANG_CXX_LIBRARY = "libc++";
				CLANG_ENABLE_MODULES = YES;
				CLANG_ENABLE_OBJC_ARC = YES;
				CLANG_WARN_BOOL_CONVERSION = YES;
				CLANG_WARN_CONSTANT_CONVERSION = YES;
				CLANG_WARN_DIRECT_OBJC_ISA_USAGE = YES_ERROR;
				CLANG_WARN_EMPTY_BODY = YES;
				CLANG_WARN_ENUM_CONVERSION = YES;
				CLANG_WARN_INT_CONVERSION = YES;
				CLANG_WARN_OBJC_ROOT_CLASS = YES_ERROR;
				CLANG_WARN_UNREACHABLE_CODE = YES;
				CLANG_WARN__DUPLICATE_METHOD_MATCH = YES;
				"CODE_SIGN_IDENTITY[sdk=iphoneos*]" = "iPhone Developer";
				COPY_PHASE_STRIP = NO;
				DEBUG_INFORMATION_FORMAT = "dwarf-with-dsym";
				ENABLE_NS_ASSERTIONS = NO;
				ENABLE_STRICT_OBJC_MSGSEND = YES;
				GCC_C_LANGUAGE_STANDARD = gnu99;
				GCC_NO_COMMON_BLOCKS = YES;
				GCC_WARN_64_TO_32_BIT_CONVERSION = YES;
				GCC_WARN_ABOUT_RETURN_TYPE = YES_ERROR;
				GCC_WARN_UNDECLARED_SELECTOR = YES;
				GCC_WARN_UNINITIALIZED_AUTOS = YES_AGGRESSIVE;
				GCC_WARN_UNUSED_FUNCTION = YES;
				GCC_WARN_UNUSED_VARIABLE = YES;
				IPHONEOS_DEPLOYMENT_TARGET = 8.3;
				MTL_ENABLE_DEBUG_INFO = NO;
				SDKROOT = iphoneos;
				VALIDATE_PRODUCT = YES;
			};
			name = Release;
		};
		BEB2CFA21AF5021600900545 /* Debug */ = {
			isa = XCBuildConfiguration;
			buildSettings = {
				ASSETCATALOG_COMPILER_APPICON_NAME = AppIcon;
				FRAMEWORK_SEARCH_PATHS = (
					"$(inherited)",
					/Users/alfonsopintos/Documents/FacebookSDK,
					"/Users/alfonsopintos/Downloads/parse-library-1.7.2",
				);
				INFOPLIST_FILE = "Health Numbers/Info.plist";
				LD_RUNPATH_SEARCH_PATHS = "$(inherited) @executable_path/Frameworks";
				PRODUCT_NAME = "$(TARGET_NAME)";
			};
			name = Debug;
		};
		BEB2CFA31AF5021600900545 /* Release */ = {
			isa = XCBuildConfiguration;
			buildSettings = {
				ASSETCATALOG_COMPILER_APPICON_NAME = AppIcon;
				FRAMEWORK_SEARCH_PATHS = (
					"$(inherited)",
					/Users/alfonsopintos/Documents/FacebookSDK,
					"/Users/alfonsopintos/Downloads/parse-library-1.7.2",
				);
				INFOPLIST_FILE = "Health Numbers/Info.plist";
				LD_RUNPATH_SEARCH_PATHS = "$(inherited) @executable_path/Frameworks";
				PRODUCT_NAME = "$(TARGET_NAME)";
			};
			name = Release;
		};
		BEB2CFA51AF5021600900545 /* Debug */ = {
			isa = XCBuildConfiguration;
			buildSettings = {
				BUNDLE_LOADER = "$(TEST_HOST)";
				FRAMEWORK_SEARCH_PATHS = (
					"$(SDKROOT)/Developer/Library/Frameworks",
					"$(inherited)",
				);
				GCC_PREPROCESSOR_DEFINITIONS = (
					"DEBUG=1",
					"$(inherited)",
				);
				INFOPLIST_FILE = "Health NumbersTests/Info.plist";
				LD_RUNPATH_SEARCH_PATHS = "$(inherited) @executable_path/Frameworks @loader_path/Frameworks";
				PRODUCT_NAME = "$(TARGET_NAME)";
				TEST_HOST = "$(BUILT_PRODUCTS_DIR)/Health Numbers.app/Health Numbers";
			};
			name = Debug;
		};
		BEB2CFA61AF5021600900545 /* Release */ = {
			isa = XCBuildConfiguration;
			buildSettings = {
				BUNDLE_LOADER = "$(TEST_HOST)";
				FRAMEWORK_SEARCH_PATHS = (
					"$(SDKROOT)/Developer/Library/Frameworks",
					"$(inherited)",
				);
				INFOPLIST_FILE = "Health NumbersTests/Info.plist";
				LD_RUNPATH_SEARCH_PATHS = "$(inherited) @executable_path/Frameworks @loader_path/Frameworks";
				PRODUCT_NAME = "$(TARGET_NAME)";
				TEST_HOST = "$(BUILT_PRODUCTS_DIR)/Health Numbers.app/Health Numbers";
			};
			name = Release;
		};
/* End XCBuildConfiguration section */

/* Begin XCConfigurationList section */
		BEB2CF791AF5021600900545 /* Build configuration list for PBXProject "Health Numbers" */ = {
			isa = XCConfigurationList;
			buildConfigurations = (
				BEB2CF9F1AF5021600900545 /* Debug */,
				BEB2CFA01AF5021600900545 /* Release */,
			);
			defaultConfigurationIsVisible = 0;
			defaultConfigurationName = Release;
		};
		BEB2CFA11AF5021600900545 /* Build configuration list for PBXNativeTarget "Health Numbers" */ = {
			isa = XCConfigurationList;
			buildConfigurations = (
				BEB2CFA21AF5021600900545 /* Debug */,
				BEB2CFA31AF5021600900545 /* Release */,
			);
			defaultConfigurationIsVisible = 0;
			defaultConfigurationName = Release;
		};
		BEB2CFA41AF5021600900545 /* Build configuration list for PBXNativeTarget "Health NumbersTests" */ = {
			isa = XCConfigurationList;
			buildConfigurations = (
				BEB2CFA51AF5021600900545 /* Debug */,
				BEB2CFA61AF5021600900545 /* Release */,
			);
			defaultConfigurationIsVisible = 0;
			defaultConfigurationName = Release;
		};
/* End XCConfigurationList section */
	};
	rootObject = BEB2CF761AF5021600900545 /* Project object */;
}
